// !$*UTF8*$!
{
	archiveVersion = 1;
	classes = {
	};
	objectVersion = 46;
	objects = {

/* Begin PBXBuildFile section */
		C33195D11B4EBC6E00FD71A7 /* SBJsonParser.m in Sources */ = {isa = PBXBuildFile; fileRef = C33195B81B4EBC6E00FD71A7 /* SBJsonParser.m */; };
		C33195D21B4EBC6E00FD71A7 /* SBJsonStreamParser.m in Sources */ = {isa = PBXBuildFile; fileRef = C33195BA1B4EBC6E00FD71A7 /* SBJsonStreamParser.m */; };
		C33195D31B4EBC6E00FD71A7 /* SBJsonStreamParserAccumulator.m in Sources */ = {isa = PBXBuildFile; fileRef = C33195BC1B4EBC6E00FD71A7 /* SBJsonStreamParserAccumulator.m */; };
		C33195D41B4EBC6E00FD71A7 /* SBJsonStreamParserAdapter.m in Sources */ = {isa = PBXBuildFile; fileRef = C33195BE1B4EBC6E00FD71A7 /* SBJsonStreamParserAdapter.m */; };
		C33195D51B4EBC6E00FD71A7 /* SBJsonStreamParserState.m in Sources */ = {isa = PBXBuildFile; fileRef = C33195C01B4EBC6E00FD71A7 /* SBJsonStreamParserState.m */; };
		C33195D61B4EBC6E00FD71A7 /* SBJsonStreamTokeniser.m in Sources */ = {isa = PBXBuildFile; fileRef = C33195C21B4EBC6E00FD71A7 /* SBJsonStreamTokeniser.m */; };
		C33195D71B4EBC6E00FD71A7 /* SBJsonStreamWriter.m in Sources */ = {isa = PBXBuildFile; fileRef = C33195C41B4EBC6E00FD71A7 /* SBJsonStreamWriter.m */; };
		C33195D81B4EBC6E00FD71A7 /* SBJsonStreamWriterAccumulator.m in Sources */ = {isa = PBXBuildFile; fileRef = C33195C61B4EBC6E00FD71A7 /* SBJsonStreamWriterAccumulator.m */; };
		C33195D91B4EBC6E00FD71A7 /* SBJsonStreamWriterState.m in Sources */ = {isa = PBXBuildFile; fileRef = C33195C81B4EBC6E00FD71A7 /* SBJsonStreamWriterState.m */; };
		C33195DA1B4EBC6E00FD71A7 /* SBJsonWriter.m in Sources */ = {isa = PBXBuildFile; fileRef = C33195CA1B4EBC6E00FD71A7 /* SBJsonWriter.m */; };
		C33195DB1B4EBC6E00FD71A7 /* RTSerializer.m in Sources */ = {isa = PBXBuildFile; fileRef = C33195CD1B4EBC6E00FD71A7 /* RTSerializer.m */; };
		C33195DC1B4EBC6E00FD71A7 /* Sendpulse.m in Sources */ = {isa = PBXBuildFile; fileRef = C33195D01B4EBC6E00FD71A7 /* Sendpulse.m */; };
		C3CA47E11B4EBBD2006060C4 /* main.m in Sources */ = {isa = PBXBuildFile; fileRef = C3CA47E01B4EBBD2006060C4 /* main.m */; };
		C3CA47E41B4EBBD2006060C4 /* AppDelegate.m in Sources */ = {isa = PBXBuildFile; fileRef = C3CA47E31B4EBBD2006060C4 /* AppDelegate.m */; };
		C3CA47E71B4EBBD2006060C4 /* ViewController.m in Sources */ = {isa = PBXBuildFile; fileRef = C3CA47E61B4EBBD2006060C4 /* ViewController.m */; };
		C3CA47EA1B4EBBD2006060C4 /* Main.storyboard in Resources */ = {isa = PBXBuildFile; fileRef = C3CA47E81B4EBBD2006060C4 /* Main.storyboard */; };
		C3CA47EC1B4EBBD2006060C4 /* Images.xcassets in Resources */ = {isa = PBXBuildFile; fileRef = C3CA47EB1B4EBBD2006060C4 /* Images.xcassets */; };
		C3CA47EF1B4EBBD2006060C4 /* LaunchScreen.xib in Resources */ = {isa = PBXBuildFile; fileRef = C3CA47ED1B4EBBD2006060C4 /* LaunchScreen.xib */; };
		C3CA47FB1B4EBBD2006060C4 /* sendpulse_rest_apiTests.m in Sources */ = {isa = PBXBuildFile; fileRef = C3CA47FA1B4EBBD2006060C4 /* sendpulse_rest_apiTests.m */; };
/* End PBXBuildFile section */

/* Begin PBXContainerItemProxy section */
		C3CA47F51B4EBBD2006060C4 /* PBXContainerItemProxy */ = {
			isa = PBXContainerItemProxy;
			containerPortal = C3CA47D31B4EBBD2006060C4 /* Project object */;
			proxyType = 1;
			remoteGlobalIDString = C3CA47DA1B4EBBD2006060C4;
			remoteInfo = "sendpulse-rest-api";
		};
/* End PBXContainerItemProxy section */

/* Begin PBXFileReference section */
		C33195B61B4EBC6E00FD71A7 /* SBJson.h */ = {isa = PBXFileReference; fileEncoding = 4; lastKnownFileType = sourcecode.c.h; path = SBJson.h; sourceTree = "<group>"; };
		C33195B71B4EBC6E00FD71A7 /* SBJsonParser.h */ = {isa = PBXFileReference; fileEncoding = 4; lastKnownFileType = sourcecode.c.h; path = SBJsonParser.h; sourceTree = "<group>"; };
		C33195B81B4EBC6E00FD71A7 /* SBJsonParser.m */ = {isa = PBXFileReference; fileEncoding = 4; lastKnownFileType = sourcecode.c.objc; path = SBJsonParser.m; sourceTree = "<group>"; };
		C33195B91B4EBC6E00FD71A7 /* SBJsonStreamParser.h */ = {isa = PBXFileReference; fileEncoding = 4; lastKnownFileType = sourcecode.c.h; path = SBJsonStreamParser.h; sourceTree = "<group>"; };
		C33195BA1B4EBC6E00FD71A7 /* SBJsonStreamParser.m */ = {isa = PBXFileReference; fileEncoding = 4; lastKnownFileType = sourcecode.c.objc; path = SBJsonStreamParser.m; sourceTree = "<group>"; };
		C33195BB1B4EBC6E00FD71A7 /* SBJsonStreamParserAccumulator.h */ = {isa = PBXFileReference; fileEncoding = 4; lastKnownFileType = sourcecode.c.h; path = SBJsonStreamParserAccumulator.h; sourceTree = "<group>"; };
		C33195BC1B4EBC6E00FD71A7 /* SBJsonStreamParserAccumulator.m */ = {isa = PBXFileReference; fileEncoding = 4; lastKnownFileType = sourcecode.c.objc; path = SBJsonStreamParserAccumulator.m; sourceTree = "<group>"; };
		C33195BD1B4EBC6E00FD71A7 /* SBJsonStreamParserAdapter.h */ = {isa = PBXFileReference; fileEncoding = 4; lastKnownFileType = sourcecode.c.h; path = SBJsonStreamParserAdapter.h; sourceTree = "<group>"; };
		C33195BE1B4EBC6E00FD71A7 /* SBJsonStreamParserAdapter.m */ = {isa = PBXFileReference; fileEncoding = 4; lastKnownFileType = sourcecode.c.objc; path = SBJsonStreamParserAdapter.m; sourceTree = "<group>"; };
		C33195BF1B4EBC6E00FD71A7 /* SBJsonStreamParserState.h */ = {isa = PBXFileReference; fileEncoding = 4; lastKnownFileType = sourcecode.c.h; path = SBJsonStreamParserState.h; sourceTree = "<group>"; };
		C33195C01B4EBC6E00FD71A7 /* SBJsonStreamParserState.m */ = {isa = PBXFileReference; fileEncoding = 4; lastKnownFileType = sourcecode.c.objc; path = SBJsonStreamParserState.m; sourceTree = "<group>"; };
		C33195C11B4EBC6E00FD71A7 /* SBJsonStreamTokeniser.h */ = {isa = PBXFileReference; fileEncoding = 4; lastKnownFileType = sourcecode.c.h; path = SBJsonStreamTokeniser.h; sourceTree = "<group>"; };
		C33195C21B4EBC6E00FD71A7 /* SBJsonStreamTokeniser.m */ = {isa = PBXFileReference; fileEncoding = 4; lastKnownFileType = sourcecode.c.objc; path = SBJsonStreamTokeniser.m; sourceTree = "<group>"; };
		C33195C31B4EBC6E00FD71A7 /* SBJsonStreamWriter.h */ = {isa = PBXFileReference; fileEncoding = 4; lastKnownFileType = sourcecode.c.h; path = SBJsonStreamWriter.h; sourceTree = "<group>"; };
		C33195C41B4EBC6E00FD71A7 /* SBJsonStreamWriter.m */ = {isa = PBXFileReference; fileEncoding = 4; lastKnownFileType = sourcecode.c.objc; path = SBJsonStreamWriter.m; sourceTree = "<group>"; };
		C33195C51B4EBC6E00FD71A7 /* SBJsonStreamWriterAccumulator.h */ = {isa = PBXFileReference; fileEncoding = 4; lastKnownFileType = sourcecode.c.h; path = SBJsonStreamWriterAccumulator.h; sourceTree = "<group>"; };
		C33195C61B4EBC6E00FD71A7 /* SBJsonStreamWriterAccumulator.m */ = {isa = PBXFileReference; fileEncoding = 4; lastKnownFileType = sourcecode.c.objc; path = SBJsonStreamWriterAccumulator.m; sourceTree = "<group>"; };
		C33195C71B4EBC6E00FD71A7 /* SBJsonStreamWriterState.h */ = {isa = PBXFileReference; fileEncoding = 4; lastKnownFileType = sourcecode.c.h; path = SBJsonStreamWriterState.h; sourceTree = "<group>"; };
		C33195C81B4EBC6E00FD71A7 /* SBJsonStreamWriterState.m */ = {isa = PBXFileReference; fileEncoding = 4; lastKnownFileType = sourcecode.c.objc; path = SBJsonStreamWriterState.m; sourceTree = "<group>"; };
		C33195C91B4EBC6E00FD71A7 /* SBJsonWriter.h */ = {isa = PBXFileReference; fileEncoding = 4; lastKnownFileType = sourcecode.c.h; path = SBJsonWriter.h; sourceTree = "<group>"; };
		C33195CA1B4EBC6E00FD71A7 /* SBJsonWriter.m */ = {isa = PBXFileReference; fileEncoding = 4; lastKnownFileType = sourcecode.c.objc; path = SBJsonWriter.m; sourceTree = "<group>"; };
		C33195CC1B4EBC6E00FD71A7 /* RTSerializer.h */ = {isa = PBXFileReference; fileEncoding = 4; lastKnownFileType = sourcecode.c.h; path = RTSerializer.h; sourceTree = "<group>"; };
		C33195CD1B4EBC6E00FD71A7 /* RTSerializer.m */ = {isa = PBXFileReference; fileEncoding = 4; lastKnownFileType = sourcecode.c.objc; path = RTSerializer.m; sourceTree = "<group>"; };
		C33195CF1B4EBC6E00FD71A7 /* Sendpulse.h */ = {isa = PBXFileReference; fileEncoding = 4; lastKnownFileType = sourcecode.c.h; path = Sendpulse.h; sourceTree = "<group>"; };
		C33195D01B4EBC6E00FD71A7 /* Sendpulse.m */ = {isa = PBXFileReference; fileEncoding = 4; lastKnownFileType = sourcecode.c.objc; path = Sendpulse.m; sourceTree = "<group>"; };
		C3CA47DB1B4EBBD2006060C4 /* sendpulse-rest-api.app */ = {isa = PBXFileReference; explicitFileType = wrapper.application; includeInIndex = 0; path = "sendpulse-rest-api.app"; sourceTree = BUILT_PRODUCTS_DIR; };
		C3CA47DF1B4EBBD2006060C4 /* Info.plist */ = {isa = PBXFileReference; lastKnownFileType = text.plist.xml; path = Info.plist; sourceTree = "<group>"; };
		C3CA47E01B4EBBD2006060C4 /* main.m */ = {isa = PBXFileReference; lastKnownFileType = sourcecode.c.objc; path = main.m; sourceTree = "<group>"; };
		C3CA47E21B4EBBD2006060C4 /* AppDelegate.h */ = {isa = PBXFileReference; lastKnownFileType = sourcecode.c.h; path = AppDelegate.h; sourceTree = "<group>"; };
		C3CA47E31B4EBBD2006060C4 /* AppDelegate.m */ = {isa = PBXFileReference; lastKnownFileType = sourcecode.c.objc; path = AppDelegate.m; sourceTree = "<group>"; };
		C3CA47E51B4EBBD2006060C4 /* ViewController.h */ = {isa = PBXFileReference; lastKnownFileType = sourcecode.c.h; path = ViewController.h; sourceTree = "<group>"; };
		C3CA47E61B4EBBD2006060C4 /* ViewController.m */ = {isa = PBXFileReference; lastKnownFileType = sourcecode.c.objc; path = ViewController.m; sourceTree = "<group>"; };
		C3CA47E91B4EBBD2006060C4 /* Base */ = {isa = PBXFileReference; lastKnownFileType = file.storyboard; name = Base; path = Base.lproj/Main.storyboard; sourceTree = "<group>"; };
		C3CA47EB1B4EBBD2006060C4 /* Images.xcassets */ = {isa = PBXFileReference; lastKnownFileType = folder.assetcatalog; path = Images.xcassets; sourceTree = "<group>"; };
		C3CA47EE1B4EBBD2006060C4 /* Base */ = {isa = PBXFileReference; lastKnownFileType = file.xib; name = Base; path = Base.lproj/LaunchScreen.xib; sourceTree = "<group>"; };
		C3CA47F41B4EBBD2006060C4 /* sendpulse-rest-apiTests.xctest */ = {isa = PBXFileReference; explicitFileType = wrapper.cfbundle; includeInIndex = 0; path = "sendpulse-rest-apiTests.xctest"; sourceTree = BUILT_PRODUCTS_DIR; };
		C3CA47F91B4EBBD2006060C4 /* Info.plist */ = {isa = PBXFileReference; lastKnownFileType = text.plist.xml; path = Info.plist; sourceTree = "<group>"; };
		C3CA47FA1B4EBBD2006060C4 /* sendpulse_rest_apiTests.m */ = {isa = PBXFileReference; lastKnownFileType = sourcecode.c.objc; path = sendpulse_rest_apiTests.m; sourceTree = "<group>"; };
/* End PBXFileReference section */

/* Begin PBXFrameworksBuildPhase section */
		C3CA47D81B4EBBD2006060C4 /* Frameworks */ = {
			isa = PBXFrameworksBuildPhase;
			buildActionMask = 2147483647;
			files = (
			);
			runOnlyForDeploymentPostprocessing = 0;
		};
		C3CA47F11B4EBBD2006060C4 /* Frameworks */ = {
			isa = PBXFrameworksBuildPhase;
			buildActionMask = 2147483647;
			files = (
			);
			runOnlyForDeploymentPostprocessing = 0;
		};
/* End PBXFrameworksBuildPhase section */

/* Begin PBXGroup section */
		C33195B51B4EBC6E00FD71A7 /* JSON */ = {
			isa = PBXGroup;
			children = (
				C33195B61B4EBC6E00FD71A7 /* SBJson.h */,
				C33195B71B4EBC6E00FD71A7 /* SBJsonParser.h */,
				C33195B81B4EBC6E00FD71A7 /* SBJsonParser.m */,
				C33195B91B4EBC6E00FD71A7 /* SBJsonStreamParser.h */,
				C33195BA1B4EBC6E00FD71A7 /* SBJsonStreamParser.m */,
				C33195BB1B4EBC6E00FD71A7 /* SBJsonStreamParserAccumulator.h */,
				C33195BC1B4EBC6E00FD71A7 /* SBJsonStreamParserAccumulator.m */,
				C33195BD1B4EBC6E00FD71A7 /* SBJsonStreamParserAdapter.h */,
				C33195BE1B4EBC6E00FD71A7 /* SBJsonStreamParserAdapter.m */,
				C33195BF1B4EBC6E00FD71A7 /* SBJsonStreamParserState.h */,
				C33195C01B4EBC6E00FD71A7 /* SBJsonStreamParserState.m */,
				C33195C11B4EBC6E00FD71A7 /* SBJsonStreamTokeniser.h */,
				C33195C21B4EBC6E00FD71A7 /* SBJsonStreamTokeniser.m */,
				C33195C31B4EBC6E00FD71A7 /* SBJsonStreamWriter.h */,
				C33195C41B4EBC6E00FD71A7 /* SBJsonStreamWriter.m */,
				C33195C51B4EBC6E00FD71A7 /* SBJsonStreamWriterAccumulator.h */,
				C33195C61B4EBC6E00FD71A7 /* SBJsonStreamWriterAccumulator.m */,
				C33195C71B4EBC6E00FD71A7 /* SBJsonStreamWriterState.h */,
				C33195C81B4EBC6E00FD71A7 /* SBJsonStreamWriterState.m */,
				C33195C91B4EBC6E00FD71A7 /* SBJsonWriter.h */,
				C33195CA1B4EBC6E00FD71A7 /* SBJsonWriter.m */,
			);
			name = JSON;
			path = ../../../JSON;
			sourceTree = "<group>";
		};
		C33195CB1B4EBC6E00FD71A7 /* RTSerializer */ = {
			isa = PBXGroup;
			children = (
				C33195CC1B4EBC6E00FD71A7 /* RTSerializer.h */,
				C33195CD1B4EBC6E00FD71A7 /* RTSerializer.m */,
			);
			name = RTSerializer;
			path = ../../../RTSerializer;
			sourceTree = "<group>";
		};
		C33195CE1B4EBC6E00FD71A7 /* SendpulseRestApi */ = {
			isa = PBXGroup;
			children = (
				C33195CF1B4EBC6E00FD71A7 /* Sendpulse.h */,
				C33195D01B4EBC6E00FD71A7 /* Sendpulse.m */,
			);
			name = SendpulseRestApi;
			path = ../../../SendpulseRestApi;
			sourceTree = "<group>";
		};
		C3CA47D21B4EBBD2006060C4 = {
			isa = PBXGroup;
			children = (
				C3CA47DD1B4EBBD2006060C4 /* sendpulse-rest-api */,
				C3CA47F71B4EBBD2006060C4 /* sendpulse-rest-apiTests */,
				C3CA47DC1B4EBBD2006060C4 /* Products */,
			);
			sourceTree = "<group>";
		};
		C3CA47DC1B4EBBD2006060C4 /* Products */ = {
			isa = PBXGroup;
			children = (
				C3CA47DB1B4EBBD2006060C4 /* sendpulse-rest-api.app */,
				C3CA47F41B4EBBD2006060C4 /* sendpulse-rest-apiTests.xctest */,
			);
			name = Products;
			sourceTree = "<group>";
		};
		C3CA47DD1B4EBBD2006060C4 /* sendpulse-rest-api */ = {
			isa = PBXGroup;
			children = (
				C33195B51B4EBC6E00FD71A7 /* JSON */,
				C33195CB1B4EBC6E00FD71A7 /* RTSerializer */,
				C33195CE1B4EBC6E00FD71A7 /* SendpulseRestApi */,
				C3CA47E21B4EBBD2006060C4 /* AppDelegate.h */,
				C3CA47E31B4EBBD2006060C4 /* AppDelegate.m */,
				C3CA47E51B4EBBD2006060C4 /* ViewController.h */,
				C3CA47E61B4EBBD2006060C4 /* ViewController.m */,
				C3CA47E81B4EBBD2006060C4 /* Main.storyboard */,
				C3CA47EB1B4EBBD2006060C4 /* Images.xcassets */,
				C3CA47ED1B4EBBD2006060C4 /* LaunchScreen.xib */,
				C3CA47DE1B4EBBD2006060C4 /* Supporting Files */,
			);
			path = "sendpulse-rest-api";
			sourceTree = "<group>";
		};
		C3CA47DE1B4EBBD2006060C4 /* Supporting Files */ = {
			isa = PBXGroup;
			children = (
				C3CA47DF1B4EBBD2006060C4 /* Info.plist */,
				C3CA47E01B4EBBD2006060C4 /* main.m */,
			);
			name = "Supporting Files";
			sourceTree = "<group>";
		};
		C3CA47F71B4EBBD2006060C4 /* sendpulse-rest-apiTests */ = {
			isa = PBXGroup;
			children = (
				C3CA47FA1B4EBBD2006060C4 /* sendpulse_rest_apiTests.m */,
				C3CA47F81B4EBBD2006060C4 /* Supporting Files */,
			);
			path = "sendpulse-rest-apiTests";
			sourceTree = "<group>";
		};
		C3CA47F81B4EBBD2006060C4 /* Supporting Files */ = {
			isa = PBXGroup;
			children = (
				C3CA47F91B4EBBD2006060C4 /* Info.plist */,
			);
			name = "Supporting Files";
			sourceTree = "<group>";
		};
/* End PBXGroup section */

/* Begin PBXNativeTarget section */
		C3CA47DA1B4EBBD2006060C4 /* sendpulse-rest-api */ = {
			isa = PBXNativeTarget;
			buildConfigurationList = C3CA47FE1B4EBBD2006060C4 /* Build configuration list for PBXNativeTarget "sendpulse-rest-api" */;
			buildPhases = (
				C3CA47D71B4EBBD2006060C4 /* Sources */,
				C3CA47D81B4EBBD2006060C4 /* Frameworks */,
				C3CA47D91B4EBBD2006060C4 /* Resources */,
			);
			buildRules = (
			);
			dependencies = (
			);
			name = "sendpulse-rest-api";
			productName = "sendpulse-rest-api";
			productReference = C3CA47DB1B4EBBD2006060C4 /* sendpulse-rest-api.app */;
			productType = "com.apple.product-type.application";
		};
		C3CA47F31B4EBBD2006060C4 /* sendpulse-rest-apiTests */ = {
			isa = PBXNativeTarget;
			buildConfigurationList = C3CA48011B4EBBD2006060C4 /* Build configuration list for PBXNativeTarget "sendpulse-rest-apiTests" */;
			buildPhases = (
				C3CA47F01B4EBBD2006060C4 /* Sources */,
				C3CA47F11B4EBBD2006060C4 /* Frameworks */,
				C3CA47F21B4EBBD2006060C4 /* Resources */,
			);
			buildRules = (
			);
			dependencies = (
				C3CA47F61B4EBBD2006060C4 /* PBXTargetDependency */,
			);
			name = "sendpulse-rest-apiTests";
			productName = "sendpulse-rest-apiTests";
			productReference = C3CA47F41B4EBBD2006060C4 /* sendpulse-rest-apiTests.xctest */;
			productType = "com.apple.product-type.bundle.unit-test";
		};
/* End PBXNativeTarget section */

/* Begin PBXProject section */
		C3CA47D31B4EBBD2006060C4 /* Project object */ = {
			isa = PBXProject;
			attributes = {
				LastUpgradeCheck = 0640;
				ORGANIZATIONNAME = sendpulse.com;
				TargetAttributes = {
					C3CA47DA1B4EBBD2006060C4 = {
						CreatedOnToolsVersion = 6.4;
					};
					C3CA47F31B4EBBD2006060C4 = {
						CreatedOnToolsVersion = 6.4;
						TestTargetID = C3CA47DA1B4EBBD2006060C4;
					};
				};
			};
			buildConfigurationList = C3CA47D61B4EBBD2006060C4 /* Build configuration list for PBXProject "sendpulse-rest-api" */;
			compatibilityVersion = "Xcode 3.2";
			developmentRegion = English;
			hasScannedForEncodings = 0;
			knownRegions = (
				en,
				Base,
			);
			mainGroup = C3CA47D21B4EBBD2006060C4;
			productRefGroup = C3CA47DC1B4EBBD2006060C4 /* Products */;
			projectDirPath = "";
			projectRoot = "";
			targets = (
				C3CA47DA1B4EBBD2006060C4 /* sendpulse-rest-api */,
				C3CA47F31B4EBBD2006060C4 /* sendpulse-rest-apiTests */,
			);
		};
/* End PBXProject section */

/* Begin PBXResourcesBuildPhase section */
		C3CA47D91B4EBBD2006060C4 /* Resources */ = {
			isa = PBXResourcesBuildPhase;
			buildActionMask = 2147483647;
			files = (
				C3CA47EA1B4EBBD2006060C4 /* Main.storyboard in Resources */,
				C3CA47EF1B4EBBD2006060C4 /* LaunchScreen.xib in Resources */,
				C3CA47EC1B4EBBD2006060C4 /* Images.xcassets in Resources */,
			);
			runOnlyForDeploymentPostprocessing = 0;
		};
		C3CA47F21B4EBBD2006060C4 /* Resources */ = {
			isa = PBXResourcesBuildPhase;
			buildActionMask = 2147483647;
			files = (
			);
			runOnlyForDeploymentPostprocessing = 0;
		};
/* End PBXResourcesBuildPhase section */

/* Begin PBXSourcesBuildPhase section */
		C3CA47D71B4EBBD2006060C4 /* Sources */ = {
			isa = PBXSourcesBuildPhase;
			buildActionMask = 2147483647;
			files = (
				C3CA47E71B4EBBD2006060C4 /* ViewController.m in Sources */,
				C33195DA1B4EBC6E00FD71A7 /* SBJsonWriter.m in Sources */,
				C33195D41B4EBC6E00FD71A7 /* SBJsonStreamParserAdapter.m in Sources */,
				C33195D11B4EBC6E00FD71A7 /* SBJsonParser.m in Sources */,
				C33195D71B4EBC6E00FD71A7 /* SBJsonStreamWriter.m in Sources */,
				C33195DB1B4EBC6E00FD71A7 /* RTSerializer.m in Sources */,
				C33195D61B4EBC6E00FD71A7 /* SBJsonStreamTokeniser.m in Sources */,
				C33195D31B4EBC6E00FD71A7 /* SBJsonStreamParserAccumulator.m in Sources */,
				C3CA47E41B4EBBD2006060C4 /* AppDelegate.m in Sources */,
				C33195D51B4EBC6E00FD71A7 /* SBJsonStreamParserState.m in Sources */,
				C33195D81B4EBC6E00FD71A7 /* SBJsonStreamWriterAccumulator.m in Sources */,
				C33195D91B4EBC6E00FD71A7 /* SBJsonStreamWriterState.m in Sources */,
				C3CA47E11B4EBBD2006060C4 /* main.m in Sources */,
				C33195DC1B4EBC6E00FD71A7 /* Sendpulse.m in Sources */,
				C33195D21B4EBC6E00FD71A7 /* SBJsonStreamParser.m in Sources */,
			);
			runOnlyForDeploymentPostprocessing = 0;
		};
		C3CA47F01B4EBBD2006060C4 /* Sources */ = {
			isa = PBXSourcesBuildPhase;
			buildActionMask = 2147483647;
			files = (
				C3CA47FB1B4EBBD2006060C4 /* sendpulse_rest_apiTests.m in Sources */,
			);
			runOnlyForDeploymentPostprocessing = 0;
		};
/* End PBXSourcesBuildPhase section */

/* Begin PBXTargetDependency section */
		C3CA47F61B4EBBD2006060C4 /* PBXTargetDependency */ = {
			isa = PBXTargetDependency;
			target = C3CA47DA1B4EBBD2006060C4 /* sendpulse-rest-api */;
			targetProxy = C3CA47F51B4EBBD2006060C4 /* PBXContainerItemProxy */;
		};
/* End PBXTargetDependency section */

/* Begin PBXVariantGroup section */
		C3CA47E81B4EBBD2006060C4 /* Main.storyboard */ = {
			isa = PBXVariantGroup;
			children = (
				C3CA47E91B4EBBD2006060C4 /* Base */,
			);
			name = Main.storyboard;
			sourceTree = "<group>";
		};
		C3CA47ED1B4EBBD2006060C4 /* LaunchScreen.xib */ = {
			isa = PBXVariantGroup;
			children = (
				C3CA47EE1B4EBBD2006060C4 /* Base */,
			);
			name = LaunchScreen.xib;
			sourceTree = "<group>";
		};
/* End PBXVariantGroup section */

/* Begin XCBuildConfiguration section */
		C3CA47FC1B4EBBD2006060C4 /* Debug */ = {
			isa = XCBuildConfiguration;
			buildSettings = {
				ALWAYS_SEARCH_USER_PATHS = NO;
				CLANG_CXX_LANGUAGE_STANDARD = "gnu++0x";
				CLANG_CXX_LIBRARY = "libc++";
				CLANG_ENABLE_MODULES = YES;
				CLANG_ENABLE_OBJC_ARC = YES;
				CLANG_WARN_BOOL_CONVERSION = YES;
				CLANG_WARN_CONSTANT_CONVERSION = YES;
				CLANG_WARN_DIRECT_OBJC_ISA_USAGE = YES_ERROR;
				CLANG_WARN_EMPTY_BODY = YES;
				CLANG_WARN_ENUM_CONVERSION = YES;
				CLANG_WARN_INT_CONVERSION = YES;
				CLANG_WARN_OBJC_ROOT_CLASS = YES_ERROR;
				CLANG_WARN_UNREACHABLE_CODE = YES;
				CLANG_WARN__DUPLICATE_METHOD_MATCH = YES;
				"CODE_SIGN_IDENTITY[sdk=iphoneos*]" = "iPhone Developer";
				COPY_PHASE_STRIP = NO;
				DEBUG_INFORMATION_FORMAT = "dwarf-with-dsym";
				ENABLE_STRICT_OBJC_MSGSEND = YES;
				GCC_C_LANGUAGE_STANDARD = gnu99;
				GCC_DYNAMIC_NO_PIC = NO;
				GCC_NO_COMMON_BLOCKS = YES;
				GCC_OPTIMIZATION_LEVEL = 0;
				GCC_PREPROCESSOR_DEFINITIONS = (
					"DEBUG=1",
					"$(inherited)",
				);
				GCC_SYMBOLS_PRIVATE_EXTERN = NO;
				GCC_WARN_64_TO_32_BIT_CONVERSION = YES;
				GCC_WARN_ABOUT_RETURN_TYPE = YES_ERROR;
				GCC_WARN_UNDECLARED_SELECTOR = YES;
				GCC_WARN_UNINITIALIZED_AUTOS = YES_AGGRESSIVE;
				GCC_WARN_UNUSED_FUNCTION = YES;
				GCC_WARN_UNUSED_VARIABLE = YES;
				IPHONEOS_DEPLOYMENT_TARGET = 8.4;
				MTL_ENABLE_DEBUG_INFO = YES;
				ONLY_ACTIVE_ARCH = YES;
				SDKROOT = iphoneos;
				TARGETED_DEVICE_FAMILY = "1,2";
			};
			name = Debug;
		};
		C3CA47FD1B4EBBD2006060C4 /* Release */ = {
			isa = XCBuildConfiguration;
			buildSettings = {
				ALWAYS_SEARCH_USER_PATHS = NO;
				CLANG_CXX_LANGUAGE_STANDARD = "gnu++0x";
				CLANG_CXX_LIBRARY = "libc++";
				CLANG_ENABLE_MODULES = YES;
				CLANG_ENABLE_OBJC_ARC = YES;
				CLANG_WARN_BOOL_CONVERSION = YES;
				CLANG_WARN_CONSTANT_CONVERSION = YES;
				CLANG_WARN_DIRECT_OBJC_ISA_USAGE = YES_ERROR;
				CLANG_WARN_EMPTY_BODY = YES;
				CLANG_WARN_ENUM_CONVERSION = YES;
				CLANG_WARN_INT_CONVERSION = YES;
				CLANG_WARN_OBJC_ROOT_CLASS = YES_ERROR;
				CLANG_WARN_UNREACHABLE_CODE = YES;
				CLANG_WARN__DUPLICATE_METHOD_MATCH = YES;
				"CODE_SIGN_IDENTITY[sdk=iphoneos*]" = "iPhone Developer";
				COPY_PHASE_STRIP = NO;
				DEBUG_INFORMATION_FORMAT = "dwarf-with-dsym";
				ENABLE_NS_ASSERTIONS = NO;
				ENABLE_STRICT_OBJC_MSGSEND = YES;
				GCC_C_LANGUAGE_STANDARD = gnu99;
				GCC_NO_COMMON_BLOCKS = YES;
				GCC_WARN_64_TO_32_BIT_CONVERSION = YES;
				GCC_WARN_ABOUT_RETURN_TYPE = YES_ERROR;
				GCC_WARN_UNDECLARED_SELECTOR = YES;
				GCC_WARN_UNINITIALIZED_AUTOS = YES_AGGRESSIVE;
				GCC_WARN_UNUSED_FUNCTION = YES;
				GCC_WARN_UNUSED_VARIABLE = YES;
				IPHONEOS_DEPLOYMENT_TARGET = 8.4;
				MTL_ENABLE_DEBUG_INFO = NO;
				SDKROOT = iphoneos;
				TARGETED_DEVICE_FAMILY = "1,2";
				VALIDATE_PRODUCT = YES;
			};
			name = Release;
		};
		C3CA47FF1B4EBBD2006060C4 /* Debug */ = {
			isa = XCBuildConfiguration;
			buildSettings = {
				ASSETCATALOG_COMPILER_APPICON_NAME = AppIcon;
				INFOPLIST_FILE = "sendpulse-rest-api/Info.plist";
				LD_RUNPATH_SEARCH_PATHS = "$(inherited) @executable_path/Frameworks";
				PRODUCT_NAME = "$(TARGET_NAME)";
			};
			name = Debug;
		};
		C3CA48001B4EBBD2006060C4 /* Release */ = {
			isa = XCBuildConfiguration;
			buildSettings = {
				ASSETCATALOG_COMPILER_APPICON_NAME = AppIcon;
				INFOPLIST_FILE = "sendpulse-rest-api/Info.plist";
				LD_RUNPATH_SEARCH_PATHS = "$(inherited) @executable_path/Frameworks";
				PRODUCT_NAME = "$(TARGET_NAME)";
			};
			name = Release;
		};
		C3CA48021B4EBBD2006060C4 /* Debug */ = {
			isa = XCBuildConfiguration;
			buildSettings = {
				BUNDLE_LOADER = "$(TEST_HOST)";
				FRAMEWORK_SEARCH_PATHS = (
					"$(SDKROOT)/Developer/Library/Frameworks",
					"$(inherited)",
				);
				GCC_PREPROCESSOR_DEFINITIONS = (
					"DEBUG=1",
					"$(inherited)",
				);
				INFOPLIST_FILE = "sendpulse-rest-apiTests/Info.plist";
				LD_RUNPATH_SEARCH_PATHS = "$(inherited) @executable_path/Frameworks @loader_path/Frameworks";
				PRODUCT_NAME = "$(TARGET_NAME)";
				TEST_HOST = "$(BUILT_PRODUCTS_DIR)/sendpulse-rest-api.app/sendpulse-rest-api";
			};
			name = Debug;
		};
		C3CA48031B4EBBD2006060C4 /* Release */ = {
			isa = XCBuildConfiguration;
			buildSettings = {
				BUNDLE_LOADER = "$(TEST_HOST)";
				FRAMEWORK_SEARCH_PATHS = (
					"$(SDKROOT)/Developer/Library/Frameworks",
					"$(inherited)",
				);
				INFOPLIST_FILE = "sendpulse-rest-apiTests/Info.plist";
				LD_RUNPATH_SEARCH_PATHS = "$(inherited) @executable_path/Frameworks @loader_path/Frameworks";
				PRODUCT_NAME = "$(TARGET_NAME)";
				TEST_HOST = "$(BUILT_PRODUCTS_DIR)/sendpulse-rest-api.app/sendpulse-rest-api";
			};
			name = Release;
		};
/* End XCBuildConfiguration section */

/* Begin XCConfigurationList section */
		C3CA47D61B4EBBD2006060C4 /* Build configuration list for PBXProject "sendpulse-rest-api" */ = {
			isa = XCConfigurationList;
			buildConfigurations = (
				C3CA47FC1B4EBBD2006060C4 /* Debug */,
				C3CA47FD1B4EBBD2006060C4 /* Release */,
			);
			defaultConfigurationIsVisible = 0;
			defaultConfigurationName = Release;
		};
		C3CA47FE1B4EBBD2006060C4 /* Build configuration list for PBXNativeTarget "sendpulse-rest-api" */ = {
			isa = XCConfigurationList;
			buildConfigurations = (
				C3CA47FF1B4EBBD2006060C4 /* Debug */,
				C3CA48001B4EBBD2006060C4 /* Release */,
			);
			defaultConfigurationIsVisible = 0;
			defaultConfigurationName = Release;
		};
		C3CA48011B4EBBD2006060C4 /* Build configuration list for PBXNativeTarget "sendpulse-rest-apiTests" */ = {
			isa = XCConfigurationList;
			buildConfigurations = (
				C3CA48021B4EBBD2006060C4 /* Debug */,
				C3CA48031B4EBBD2006060C4 /* Release */,
			);
			defaultConfigurationIsVisible = 0;
			defaultConfigurationName = Release;
		};
/* End XCConfigurationList section */
	};
	rootObject = C3CA47D31B4EBBD2006060C4 /* Project object */;
}
